
Microsoft Visual Studio Solution File, Format Version 12.00
# Visual Studio Version 17
VisualStudioVersion = 17.4.33213.308
MinimumVisualStudioVersion = 10.0.40219.1
Project("{FAE04EC0-301F-11D3-BF4B-00C04F79EFBC}") = "ExamenCorto", "ExamenCorto\ExamenCorto.csproj", "{6F7CC868-4B10-429E-BAC2-74D9490ADF54}"
EndProject
Global
	GlobalSection(SolutionConfigurationPlatforms) = preSolution
		Debug|Any CPU = Debug|Any CPU
		Release|Any CPU = Release|Any CPU
	EndGlobalSection
	GlobalSection(ProjectConfigurationPlatforms) = postSolution
		{6F7CC868-4B10-429E-BAC2-74D9490ADF54}.Debug|Any CPU.ActiveCfg = Debug|Any CPU
		{6F7CC868-4B10-429E-BAC2-74D9490ADF54}.Debug|Any CPU.Build.0 = Debug|Any CPU
		{6F7CC868-4B10-429E-BAC2-74D9490ADF54}.Release|Any CPU.ActiveCfg = Release|Any CPU
		{6F7CC868-4B10-429E-BAC2-74D9490ADF54}.Release|Any CPU.Build.0 = Release|Any CPU
	EndGlobalSection
	GlobalSection(SolutionProperties) = preSolution
		HideSolutionNode = FALSE
	EndGlobalSection
	GlobalSection(ExtensibilityGlobals) = postSolution
		SolutionGuid = {AADFC043-E4AF-401C-831B-97BED21B64DE}
	EndGlobalSection
EndGlobal
